// !$*UTF8*$!
{
 archiveVersion = 1;
 classes = {};
 objectVersion = 56;
 objects = {
  A00000000000000000000001 = {isa = PBXProject; buildConfigurationList = A00000000000000000000011; compatibilityVersion = "Xcode 14.0"; developmentRegion = en; knownRegions = (en, Base); mainGroup = A00000000000000000000002; productRefGroup = A00000000000000000000003; projectDirPath = ""; projectRoot = ""; targets = (A00000000000000000000004); };
  A00000000000000000000002 = {isa = PBXGroup; children = (A00000000000000000000005, A00000000000000000000003); sourceTree = "<group>"; };
  A00000000000000000000003 = {isa = PBXGroup; children = (A00000000000000000000006); name = Products; sourceTree = "<group>"; };
  A00000000000000000000004 = {isa = PBXNativeTarget; buildConfigurationList = A00000000000000000000012; buildPhases = (A00000000000000000000007); buildRules = (); dependencies = (); name = CommonUITests; productName = CommonUITests; productReference = A00000000000000000000006; productType = "com.apple.product-type.bundle.ui-testing"; };
  A00000000000000000000005 = {isa = PBXFileReference; lastKnownFileType = sourcecode.swift; path = ProfileDesignUITests.swift; sourceTree = "<group>"; };
  A00000000000000000000006 = {isa = PBXFileReference; explicitFileType = wrapper.cfbundle; includeInIndex = 0; path = CommonUITests.xctest; sourceTree = BUILT_PRODUCTS_DIR; };
  A00000000000000000000007 = {isa = PBXSourcesBuildPhase; buildActionMask = 2147483647; files = (A00000000000000000000008); runOnlyForDeploymentPostprocessing = 0; };
  A00000000000000000000008 = {isa = PBXBuildFile; fileRef = A00000000000000000000005; };
  A00000000000000000000011 = {isa = XCConfigurationList; buildConfigurations = (A00000000000000000000013); defaultConfigurationIsVisible = 0; defaultConfigurationName = Debug; };
  A00000000000000000000012 = {isa = XCConfigurationList; buildConfigurations = (A00000000000000000000014); defaultConfigurationIsVisible = 0; defaultConfigurationName = Debug; };
  A00000000000000000000013 = {isa = XCBuildConfiguration; name = Debug; buildSettings = {SDKROOT = iphoneos; IPHONEOS_DEPLOYMENT_TARGET = 18.0; CLANG_ENABLE_MODULES = YES; SWIFT_VERSION = 6.0;}; };
  A00000000000000000000014 = {isa = XCBuildConfiguration; name = Debug; buildSettings = {GENERATE_INFOPLIST_FILE = YES; PRODUCT_BUNDLE_IDENTIFIER = com.campus.social.designuitests; PRODUCT_NAME = "$(TARGET_NAME)"; TARGETED_DEVICE_FAMILY = 1; SWIFT_VERSION = 6.0; SWIFT_OPTIMIZATION_LEVEL = "-Onone"; CODE_SIGNING_ALLOWED = NO;}; };
 };
 rootObject = A00000000000000000000001;
}
